{"cliVersion":"0.20.0","sourceFilePaths":[{"hash":"7c2c96c6174042856281a97a22e4f1231cbb8518","path":"\/Users\/joseantoniocamacho\/Desktop\/J\/UnitTestSwiftCourseMock\/MockingbirdMocks\/UnitTestSwiftCourseMockTests-UnitTestSwiftCourseMockMocks.generated.swift"},{"hash":"c74dd06fc7334b47792ad9accc98c32841ec3764","path":"\/Users\/joseantoniocamacho\/Desktop\/J\/UnitTestSwiftCourseMock\/UnitTestSwiftCourseMockTests\/Mock\/AddTest.swift"},{"hash":"27b9916e44c3ea1eba3245529df412050a7cb78f","path":"\/Users\/joseantoniocamacho\/Desktop\/J\/UnitTestSwiftCourseMock\/UnitTestSwiftCourseMockTests\/Mock\/ValidNumberTest.swift"},{"path":"\/Users\/joseantoniocamacho\/Desktop\/J\/UnitTestSwiftCourseMock\/UnitTestSwiftCourseMockTests\/UnitTestSwiftCourseMockTests.swift","hash":"c06daeeb50f28ed28b52683bdf787348fef2a34e"}],"dependencies":[],"name":"UnitTestSwiftCourseMockTests","mockedTypeNames":["\/Users\/joseantoniocamacho\/Desktop\/J\/UnitTestSwiftCourseMock\/UnitTestSwiftCourseMockTests\/UnitTestSwiftCourseMockTests.swift",[],"\/Users\/joseantoniocamacho\/Desktop\/J\/UnitTestSwiftCourseMock\/UnitTestSwiftCourseMockTests\/Mock\/AddTest.swift",["ValidNumber","Print"],"\/Users\/joseantoniocamacho\/Desktop\/J\/UnitTestSwiftCourseMock\/UnitTestSwiftCourseMockTests\/Mock\/ValidNumberTest.swift",[]],"productModuleName":"UnitTestSwiftCourseMockTests","projectHash":"4d69accc1416efa9b6eab6097b760b3e9c9376ac","sourceRoot":"\/Users\/joseantoniocamacho\/Desktop\/J\/UnitTestSwiftCourseMock"}