{"projectHash":"4d69accc1416efa9b6eab6097b760b3e9c9376ac","name":"UnitTestSwiftCourseMock","supportingFilePaths":[{"hash":"21296949c6d570892c8665a450e62c234c938790","path":"\/Users\/joseantoniocamacho\/Desktop\/J\/UnitTestSwiftCourseMock\/MockingbirdSupport\/AppKit\/NSResponder.swift"},{"path":"\/Users\/joseantoniocamacho\/Desktop\/J\/UnitTestSwiftCourseMock\/MockingbirdSupport\/AppKit\/NSView.swift","hash":"85b3183be144012a7e105e292426c3d9f8966072"},{"hash":"d8785e8a119f2723c8840534df0ad8ac61409797","path":"\/Users\/joseantoniocamacho\/Desktop\/J\/UnitTestSwiftCourseMock\/MockingbirdSupport\/AppKit\/NSViewController.swift"},{"path":"\/Users\/joseantoniocamacho\/Desktop\/J\/UnitTestSwiftCourseMock\/MockingbirdSupport\/Foundation\/ObjectiveC\/NSObject.swift","hash":"cf466772b8c2d80d31f34b93b501b398fbb8854d"},{"path":"\/Users\/joseantoniocamacho\/Desktop\/J\/UnitTestSwiftCourseMock\/MockingbirdSupport\/Foundation\/ObjectiveC\/NSObject.swift","hash":"cf466772b8c2d80d31f34b93b501b398fbb8854d"},{"hash":"57675d8b36a2db7b093b3542bd3225a88992c3bc","path":"\/Users\/joseantoniocamacho\/Desktop\/J\/UnitTestSwiftCourseMock\/MockingbirdSupport\/Swift\/Codable.swift"},{"hash":"d0d110744eeaf2f8fdd2f8a41df3452f35286bb7","path":"\/Users\/joseantoniocamacho\/Desktop\/J\/UnitTestSwiftCourseMock\/MockingbirdSupport\/Swift\/Comparable.swift"},{"hash":"2e7674f4e23a5ab7aef45b91b63c0ed5934c3b83","path":"\/Users\/joseantoniocamacho\/Desktop\/J\/UnitTestSwiftCourseMock\/MockingbirdSupport\/Swift\/Equatable.swift"},{"hash":"f59ec249aa03e312f2bda7c3b397c0dccd880a21","path":"\/Users\/joseantoniocamacho\/Desktop\/J\/UnitTestSwiftCourseMock\/MockingbirdSupport\/Swift\/Hashable.swift"},{"path":"\/Users\/joseantoniocamacho\/Desktop\/J\/UnitTestSwiftCourseMock\/MockingbirdSupport\/Swift\/Misc.swift","hash":"c139249ec5799f1ec64c3d9e7d8c1f286b894035"},{"hash":"9363a4c38002598dbbc1198f16fe7198b8151d24","path":"\/Users\/joseantoniocamacho\/Desktop\/J\/UnitTestSwiftCourseMock\/MockingbirdSupport\/UIKit\/UIControl.swift"},{"hash":"e26a734695bfe008598ed0d8c936683db78f40ac","path":"\/Users\/joseantoniocamacho\/Desktop\/J\/UnitTestSwiftCourseMock\/MockingbirdSupport\/UIKit\/UILabel.swift"},{"path":"\/Users\/joseantoniocamacho\/Desktop\/J\/UnitTestSwiftCourseMock\/MockingbirdSupport\/UIKit\/UIView.swift","hash":"10e6b03a9c5a76f720c17fcb82af82ff66994926"},{"hash":"bbd8980a22029f339b0e8746124fd06d94730570","path":"\/Users\/joseantoniocamacho\/Desktop\/J\/UnitTestSwiftCourseMock\/MockingbirdSupport\/UIKit\/UIViewController.swift"}],"cliVersion":"0.20.0","targetPathsHash":"6b87312741cca7bb59d4af389fb7180c67312a72","outputHash":"7c2c96c6174042856281a97a22e4f1231cbb8518","mockedTypesHash":"9b91b80cfec9137f6dcad20d074aa3adeade5380","configHash":"368f877170b642eb1906ce914113cb8882f77a6f","productModuleName":"UnitTestSwiftCourseMock","dependencyPathsHash":"cd6ad9a29f62610b833175fdb959dd39e9357797","sourceFilePaths":[{"hash":"ae18450f6bf98b1b564bdc6a38658695c95b5b87","path":"\/Users\/joseantoniocamacho\/Desktop\/J\/UnitTestSwiftCourseMock\/UnitTestSwiftCourseMock\/AppDelegate.swift"},{"hash":"176fe6aebc99ff08f0bc15a67046d9e244e8a455","path":"\/Users\/joseantoniocamacho\/Desktop\/J\/UnitTestSwiftCourseMock\/UnitTestSwiftCourseMock\/Mock\/Add.swift"},{"path":"\/Users\/joseantoniocamacho\/Desktop\/J\/UnitTestSwiftCourseMock\/UnitTestSwiftCourseMock\/Mock\/Print.swift","hash":"9ea0c62895c5572de979ed833d367925bb1812dc"},{"hash":"6c16a52fc585e4b7ec2db6e385b639b65f4138cb","path":"\/Users\/joseantoniocamacho\/Desktop\/J\/UnitTestSwiftCourseMock\/UnitTestSwiftCourseMock\/Mock\/ValidNumber.swift"},{"path":"\/Users\/joseantoniocamacho\/Desktop\/J\/UnitTestSwiftCourseMock\/UnitTestSwiftCourseMock\/SceneDelegate.swift","hash":"b854f76b792ae8314008e25348441b8efd6bb190"},{"hash":"5d10bd4cb91ecf98e5416b26200184450d2e2016","path":"\/Users\/joseantoniocamacho\/Desktop\/J\/UnitTestSwiftCourseMock\/UnitTestSwiftCourseMock\/ViewController.swift"}],"dependencies":[],"sourceRoot":"\/Users\/joseantoniocamacho\/Desktop\/J\/UnitTestSwiftCourseMock"}